
Microsoft Visual Studio Solution File, Format Version 12.00
# Visual Studio Version 17
VisualStudioVersion = 17.1.32210.238
MinimumVisualStudioVersion = 10.0.40219.1
Project("{9A19103F-16F7-4668-BE54-9A1E7A4F7556}") = "DevUp.Sdk.Sample", "DevUp.Sdk.Sample.csproj", "{E3E013B5-C3D2-427A-9767-D4605F441E56}"
EndProject
Global
	GlobalSection(SolutionConfigurationPlatforms) = preSolution
		Debug|Any CPU = Debug|Any CPU
		Release|Any CPU = Release|Any CPU
	EndGlobalSection
	GlobalSection(ProjectConfigurationPlatforms) = postSolution
		{E3E013B5-C3D2-427A-9767-D4605F441E56}.Debug|Any CPU.ActiveCfg = Debug|Any CPU
		{E3E013B5-C3D2-427A-9767-D4605F441E56}.Debug|Any CPU.Build.0 = Debug|Any CPU
		{E3E013B5-C3D2-427A-9767-D4605F441E56}.Release|Any CPU.ActiveCfg = Release|Any CPU
		{E3E013B5-C3D2-427A-9767-D4605F441E56}.Release|Any CPU.Build.0 = Release|Any CPU
	EndGlobalSection
	GlobalSection(SolutionProperties) = preSolution
		HideSolutionNode = FALSE
	EndGlobalSection
	GlobalSection(ExtensibilityGlobals) = postSolution
		SolutionGuid = {522D1A1B-1463-4880-BD2B-2C11BE85FF9D}
	EndGlobalSection
EndGlobal
