
Microsoft Visual Studio Solution File, Format Version 12.00
# Visual Studio Version 17
VisualStudioVersion = 17.1.32210.238
MinimumVisualStudioVersion = 10.0.40219.1
Project("{9A19103F-16F7-4668-BE54-9A1E7A4F7556}") = "DevUp.Api", "DevUp.Api\DevUp.Api.csproj", "{89DC6FFD-A27C-4082-9A0C-6560DABC654F}"
EndProject
Project("{9A19103F-16F7-4668-BE54-9A1E7A4F7556}") = "DevUp.Domain", "DevUp.Domain\DevUp.Domain.csproj", "{2488F971-7F5A-47A1-91BF-FAE754B8B5DF}"
EndProject
Project("{9A19103F-16F7-4668-BE54-9A1E7A4F7556}") = "DevUp.Infrastructure", "DevUp.Infrastructure\DevUp.Infrastructure.csproj", "{5A5FC462-08B5-4E34-A27B-C9AEF9A4814A}"
EndProject
Project("{2150E333-8FDC-42A3-9474-1A3956D46DE8}") = "Solution Items", "Solution Items", "{6805657F-50FA-4A22-815E-B4DA071E815A}"
	ProjectSection(SolutionItems) = preProject
		.editorconfig = .editorconfig
	EndProjectSection
EndProject
Project("{E53339B2-1760-4266-BCC7-CA923CBCF16C}") = "docker-compose", "docker-compose.dcproj", "{A8A1B425-CA50-4290-95FB-8D1BBD5E39B4}"
EndProject
Project("{FAE04EC0-301F-11D3-BF4B-00C04F79EFBC}") = "DevUp.Infrastructure.Postgres", "..\DevUp.Infrastructure.Postgres\DevUp.Infrastructure.Postgres.csproj", "{EB40C66B-7173-4477-928C-580404E52799}"
EndProject
Global
	GlobalSection(SolutionConfigurationPlatforms) = preSolution
		Debug|Any CPU = Debug|Any CPU
		Release|Any CPU = Release|Any CPU
	EndGlobalSection
	GlobalSection(ProjectConfigurationPlatforms) = postSolution
		{89DC6FFD-A27C-4082-9A0C-6560DABC654F}.Debug|Any CPU.ActiveCfg = Debug|Any CPU
		{89DC6FFD-A27C-4082-9A0C-6560DABC654F}.Debug|Any CPU.Build.0 = Debug|Any CPU
		{89DC6FFD-A27C-4082-9A0C-6560DABC654F}.Release|Any CPU.ActiveCfg = Release|Any CPU
		{89DC6FFD-A27C-4082-9A0C-6560DABC654F}.Release|Any CPU.Build.0 = Release|Any CPU
		{2488F971-7F5A-47A1-91BF-FAE754B8B5DF}.Debug|Any CPU.ActiveCfg = Debug|Any CPU
		{2488F971-7F5A-47A1-91BF-FAE754B8B5DF}.Debug|Any CPU.Build.0 = Debug|Any CPU
		{2488F971-7F5A-47A1-91BF-FAE754B8B5DF}.Release|Any CPU.ActiveCfg = Release|Any CPU
		{2488F971-7F5A-47A1-91BF-FAE754B8B5DF}.Release|Any CPU.Build.0 = Release|Any CPU
		{5A5FC462-08B5-4E34-A27B-C9AEF9A4814A}.Debug|Any CPU.ActiveCfg = Debug|Any CPU
		{5A5FC462-08B5-4E34-A27B-C9AEF9A4814A}.Debug|Any CPU.Build.0 = Debug|Any CPU
		{5A5FC462-08B5-4E34-A27B-C9AEF9A4814A}.Release|Any CPU.ActiveCfg = Release|Any CPU
		{5A5FC462-08B5-4E34-A27B-C9AEF9A4814A}.Release|Any CPU.Build.0 = Release|Any CPU
		{A8A1B425-CA50-4290-95FB-8D1BBD5E39B4}.Debug|Any CPU.ActiveCfg = Debug|Any CPU
		{A8A1B425-CA50-4290-95FB-8D1BBD5E39B4}.Debug|Any CPU.Build.0 = Debug|Any CPU
		{A8A1B425-CA50-4290-95FB-8D1BBD5E39B4}.Release|Any CPU.ActiveCfg = Release|Any CPU
		{A8A1B425-CA50-4290-95FB-8D1BBD5E39B4}.Release|Any CPU.Build.0 = Release|Any CPU
		{EB40C66B-7173-4477-928C-580404E52799}.Debug|Any CPU.ActiveCfg = Debug|Any CPU
		{EB40C66B-7173-4477-928C-580404E52799}.Debug|Any CPU.Build.0 = Debug|Any CPU
		{EB40C66B-7173-4477-928C-580404E52799}.Release|Any CPU.ActiveCfg = Release|Any CPU
		{EB40C66B-7173-4477-928C-580404E52799}.Release|Any CPU.Build.0 = Release|Any CPU
	EndGlobalSection
	GlobalSection(SolutionProperties) = preSolution
		HideSolutionNode = FALSE
	EndGlobalSection
	GlobalSection(ExtensibilityGlobals) = postSolution
		SolutionGuid = {27DA7B12-C117-4F6A-842D-5CA16E4ADB2D}
	EndGlobalSection
EndGlobal
