
Microsoft Visual Studio Solution File, Format Version 12.00
# Visual Studio Version 17
VisualStudioVersion = 17.1.32210.238
MinimumVisualStudioVersion = 10.0.40219.1
Project("{E53339B2-1760-4266-BCC7-CA923CBCF16C}") = "docker-compose", "docker-compose.dcproj", "{A8A1B425-CA50-4290-95FB-8D1BBD5E39B4}"
EndProject
Project("{2150E333-8FDC-42A3-9474-1A3956D46DE8}") = "tests", "tests", "{DCE0BB2C-1D1E-4EFB-B616-1AD54CD66C22}"
EndProject
Project("{2150E333-8FDC-42A3-9474-1A3956D46DE8}") = "src", "src", "{D86BB401-D595-482F-B9E2-6928689EA550}"
EndProject
Project("{9A19103F-16F7-4668-BE54-9A1E7A4F7556}") = "DevUp.Api", "src\DevUp.Api\DevUp.Api.csproj", "{65CF812B-2E57-4776-A710-87DBADC6AB0C}"
EndProject
Project("{9A19103F-16F7-4668-BE54-9A1E7A4F7556}") = "DevUp.Api.Contracts", "src\DevUp.Api.Contracts\DevUp.Api.Contracts.csproj", "{52820688-1B9D-41CE-A876-F5DC4D279A39}"
EndProject
Project("{9A19103F-16F7-4668-BE54-9A1E7A4F7556}") = "DevUp.Api.Sdk", "src\DevUp.Api.Sdk\DevUp.Api.Sdk.csproj", "{0466D13F-E1AB-4929-8C0D-96B769434854}"
EndProject
Project("{9A19103F-16F7-4668-BE54-9A1E7A4F7556}") = "DevUp.Domain", "src\DevUp.Domain\DevUp.Domain.csproj", "{B6C55826-AFD6-492B-ABC8-5E4B89A8DDDB}"
EndProject
Project("{9A19103F-16F7-4668-BE54-9A1E7A4F7556}") = "DevUp.Infrastructure", "src\DevUp.Infrastructure\DevUp.Infrastructure.csproj", "{1C2AB5A3-578E-486D-B748-8B472CEC239B}"
EndProject
Project("{9A19103F-16F7-4668-BE54-9A1E7A4F7556}") = "DevUp.Infrastructure.Postgres", "src\DevUp.Infrastructure.Postgres\DevUp.Infrastructure.Postgres.csproj", "{8D6906FB-25B4-4B6F-8139-22A96BE4F88F}"
EndProject
Project("{9A19103F-16F7-4668-BE54-9A1E7A4F7556}") = "DevUp.Api.Tests.Integration", "tests\DevUp.Api.Tests.Integration\DevUp.Api.Tests.Integration.csproj", "{12FA517C-481C-4E72-9D88-F0B93229DB06}"
EndProject
Project("{9A19103F-16F7-4668-BE54-9A1E7A4F7556}") = "DevUp.Domain.Tests.Unit", "tests\DevUp.Domain.Tests.Unit\DevUp.Domain.Tests.Unit.csproj", "{BE97E048-E415-4ADD-857D-791AA3069737}"
EndProject
Project("{9A19103F-16F7-4668-BE54-9A1E7A4F7556}") = "DevUp.Application", "src\DevUp.Application\DevUp.Application.csproj", "{B0BB9993-0417-4E09-95DC-D24890AA238F}"
EndProject
Project("{9A19103F-16F7-4668-BE54-9A1E7A4F7556}") = "DevUp.Infrastructure.Http", "src\DevUp.Infrastructure.Http\DevUp.Infrastructure.Http.csproj", "{D43FCD0B-B81D-419D-BD7C-D93DFD9660F3}"
EndProject
Project("{9A19103F-16F7-4668-BE54-9A1E7A4F7556}") = "DevUp.Domain.Tests.Integration", "tests\DevUp.Domain.Tests.Integration\DevUp.Domain.Tests.Integration.csproj", "{AC296E73-F1A2-46CA-85EA-EE7498A78071}"
EndProject
Project("{FAE04EC0-301F-11D3-BF4B-00C04F79EFBC}") = "DevUp.Api.Minimal", "src\DevUp.Api.Minimal\DevUp.Api.Minimal.csproj", "{C0AA9C74-99ED-4862-9B91-DA6417490FEC}"
EndProject
Global
	GlobalSection(SolutionConfigurationPlatforms) = preSolution
		Debug|Any CPU = Debug|Any CPU
		Release|Any CPU = Release|Any CPU
	EndGlobalSection
	GlobalSection(ProjectConfigurationPlatforms) = postSolution
		{A8A1B425-CA50-4290-95FB-8D1BBD5E39B4}.Debug|Any CPU.ActiveCfg = Debug|Any CPU
		{A8A1B425-CA50-4290-95FB-8D1BBD5E39B4}.Debug|Any CPU.Build.0 = Debug|Any CPU
		{A8A1B425-CA50-4290-95FB-8D1BBD5E39B4}.Release|Any CPU.ActiveCfg = Release|Any CPU
		{A8A1B425-CA50-4290-95FB-8D1BBD5E39B4}.Release|Any CPU.Build.0 = Release|Any CPU
		{65CF812B-2E57-4776-A710-87DBADC6AB0C}.Debug|Any CPU.ActiveCfg = Debug|Any CPU
		{65CF812B-2E57-4776-A710-87DBADC6AB0C}.Debug|Any CPU.Build.0 = Debug|Any CPU
		{65CF812B-2E57-4776-A710-87DBADC6AB0C}.Release|Any CPU.ActiveCfg = Release|Any CPU
		{65CF812B-2E57-4776-A710-87DBADC6AB0C}.Release|Any CPU.Build.0 = Release|Any CPU
		{52820688-1B9D-41CE-A876-F5DC4D279A39}.Debug|Any CPU.ActiveCfg = Debug|Any CPU
		{52820688-1B9D-41CE-A876-F5DC4D279A39}.Debug|Any CPU.Build.0 = Debug|Any CPU
		{52820688-1B9D-41CE-A876-F5DC4D279A39}.Release|Any CPU.ActiveCfg = Release|Any CPU
		{52820688-1B9D-41CE-A876-F5DC4D279A39}.Release|Any CPU.Build.0 = Release|Any CPU
		{0466D13F-E1AB-4929-8C0D-96B769434854}.Debug|Any CPU.ActiveCfg = Debug|Any CPU
		{0466D13F-E1AB-4929-8C0D-96B769434854}.Debug|Any CPU.Build.0 = Debug|Any CPU
		{0466D13F-E1AB-4929-8C0D-96B769434854}.Release|Any CPU.ActiveCfg = Release|Any CPU
		{0466D13F-E1AB-4929-8C0D-96B769434854}.Release|Any CPU.Build.0 = Release|Any CPU
		{B6C55826-AFD6-492B-ABC8-5E4B89A8DDDB}.Debug|Any CPU.ActiveCfg = Debug|Any CPU
		{B6C55826-AFD6-492B-ABC8-5E4B89A8DDDB}.Debug|Any CPU.Build.0 = Debug|Any CPU
		{B6C55826-AFD6-492B-ABC8-5E4B89A8DDDB}.Release|Any CPU.ActiveCfg = Release|Any CPU
		{B6C55826-AFD6-492B-ABC8-5E4B89A8DDDB}.Release|Any CPU.Build.0 = Release|Any CPU
		{1C2AB5A3-578E-486D-B748-8B472CEC239B}.Debug|Any CPU.ActiveCfg = Debug|Any CPU
		{1C2AB5A3-578E-486D-B748-8B472CEC239B}.Debug|Any CPU.Build.0 = Debug|Any CPU
		{1C2AB5A3-578E-486D-B748-8B472CEC239B}.Release|Any CPU.ActiveCfg = Release|Any CPU
		{1C2AB5A3-578E-486D-B748-8B472CEC239B}.Release|Any CPU.Build.0 = Release|Any CPU
		{8D6906FB-25B4-4B6F-8139-22A96BE4F88F}.Debug|Any CPU.ActiveCfg = Debug|Any CPU
		{8D6906FB-25B4-4B6F-8139-22A96BE4F88F}.Debug|Any CPU.Build.0 = Debug|Any CPU
		{8D6906FB-25B4-4B6F-8139-22A96BE4F88F}.Release|Any CPU.ActiveCfg = Release|Any CPU
		{8D6906FB-25B4-4B6F-8139-22A96BE4F88F}.Release|Any CPU.Build.0 = Release|Any CPU
		{12FA517C-481C-4E72-9D88-F0B93229DB06}.Debug|Any CPU.ActiveCfg = Debug|Any CPU
		{12FA517C-481C-4E72-9D88-F0B93229DB06}.Debug|Any CPU.Build.0 = Debug|Any CPU
		{12FA517C-481C-4E72-9D88-F0B93229DB06}.Release|Any CPU.ActiveCfg = Release|Any CPU
		{12FA517C-481C-4E72-9D88-F0B93229DB06}.Release|Any CPU.Build.0 = Release|Any CPU
		{BE97E048-E415-4ADD-857D-791AA3069737}.Debug|Any CPU.ActiveCfg = Debug|Any CPU
		{BE97E048-E415-4ADD-857D-791AA3069737}.Debug|Any CPU.Build.0 = Debug|Any CPU
		{BE97E048-E415-4ADD-857D-791AA3069737}.Release|Any CPU.ActiveCfg = Release|Any CPU
		{BE97E048-E415-4ADD-857D-791AA3069737}.Release|Any CPU.Build.0 = Release|Any CPU
		{B0BB9993-0417-4E09-95DC-D24890AA238F}.Debug|Any CPU.ActiveCfg = Debug|Any CPU
		{B0BB9993-0417-4E09-95DC-D24890AA238F}.Debug|Any CPU.Build.0 = Debug|Any CPU
		{B0BB9993-0417-4E09-95DC-D24890AA238F}.Release|Any CPU.ActiveCfg = Release|Any CPU
		{B0BB9993-0417-4E09-95DC-D24890AA238F}.Release|Any CPU.Build.0 = Release|Any CPU
		{D43FCD0B-B81D-419D-BD7C-D93DFD9660F3}.Debug|Any CPU.ActiveCfg = Debug|Any CPU
		{D43FCD0B-B81D-419D-BD7C-D93DFD9660F3}.Debug|Any CPU.Build.0 = Debug|Any CPU
		{D43FCD0B-B81D-419D-BD7C-D93DFD9660F3}.Release|Any CPU.ActiveCfg = Release|Any CPU
		{D43FCD0B-B81D-419D-BD7C-D93DFD9660F3}.Release|Any CPU.Build.0 = Release|Any CPU
		{AC296E73-F1A2-46CA-85EA-EE7498A78071}.Debug|Any CPU.ActiveCfg = Debug|Any CPU
		{AC296E73-F1A2-46CA-85EA-EE7498A78071}.Debug|Any CPU.Build.0 = Debug|Any CPU
		{AC296E73-F1A2-46CA-85EA-EE7498A78071}.Release|Any CPU.ActiveCfg = Release|Any CPU
		{AC296E73-F1A2-46CA-85EA-EE7498A78071}.Release|Any CPU.Build.0 = Release|Any CPU
		{C0AA9C74-99ED-4862-9B91-DA6417490FEC}.Debug|Any CPU.ActiveCfg = Debug|Any CPU
		{C0AA9C74-99ED-4862-9B91-DA6417490FEC}.Debug|Any CPU.Build.0 = Debug|Any CPU
		{C0AA9C74-99ED-4862-9B91-DA6417490FEC}.Release|Any CPU.ActiveCfg = Release|Any CPU
		{C0AA9C74-99ED-4862-9B91-DA6417490FEC}.Release|Any CPU.Build.0 = Release|Any CPU
	EndGlobalSection
	GlobalSection(SolutionProperties) = preSolution
		HideSolutionNode = FALSE
	EndGlobalSection
	GlobalSection(NestedProjects) = preSolution
		{65CF812B-2E57-4776-A710-87DBADC6AB0C} = {D86BB401-D595-482F-B9E2-6928689EA550}
		{52820688-1B9D-41CE-A876-F5DC4D279A39} = {D86BB401-D595-482F-B9E2-6928689EA550}
		{0466D13F-E1AB-4929-8C0D-96B769434854} = {D86BB401-D595-482F-B9E2-6928689EA550}
		{B6C55826-AFD6-492B-ABC8-5E4B89A8DDDB} = {D86BB401-D595-482F-B9E2-6928689EA550}
		{1C2AB5A3-578E-486D-B748-8B472CEC239B} = {D86BB401-D595-482F-B9E2-6928689EA550}
		{8D6906FB-25B4-4B6F-8139-22A96BE4F88F} = {D86BB401-D595-482F-B9E2-6928689EA550}
		{12FA517C-481C-4E72-9D88-F0B93229DB06} = {DCE0BB2C-1D1E-4EFB-B616-1AD54CD66C22}
		{BE97E048-E415-4ADD-857D-791AA3069737} = {DCE0BB2C-1D1E-4EFB-B616-1AD54CD66C22}
		{B0BB9993-0417-4E09-95DC-D24890AA238F} = {D86BB401-D595-482F-B9E2-6928689EA550}
		{D43FCD0B-B81D-419D-BD7C-D93DFD9660F3} = {D86BB401-D595-482F-B9E2-6928689EA550}
		{AC296E73-F1A2-46CA-85EA-EE7498A78071} = {DCE0BB2C-1D1E-4EFB-B616-1AD54CD66C22}
		{C0AA9C74-99ED-4862-9B91-DA6417490FEC} = {D86BB401-D595-482F-B9E2-6928689EA550}
	EndGlobalSection
	GlobalSection(ExtensibilityGlobals) = postSolution
		SolutionGuid = {27DA7B12-C117-4F6A-842D-5CA16E4ADB2D}
	EndGlobalSection
EndGlobal
